
Microsoft Visual Studio Solution File, Format Version 12.00
# Visual Studio Version 17
VisualStudioVersion = 17.11.35222.181
MinimumVisualStudioVersion = 10.0.40219.1
Project("{8BC9CEB8-8B4A-11D0-8D11-00A0C91BC942}") = "LR8.1it.char", "LR8.1it.char\LR8.1it.char.vcxproj", "{D6FA12CC-F8E7-4F41-881A-E1F14D52942A}"
EndProject
Global
	GlobalSection(SolutionConfigurationPlatforms) = preSolution
		Debug|x64 = Debug|x64
		Debug|x86 = Debug|x86
		Release|x64 = Release|x64
		Release|x86 = Release|x86
	EndGlobalSection
	GlobalSection(ProjectConfigurationPlatforms) = postSolution
		{D6FA12CC-F8E7-4F41-881A-E1F14D52942A}.Debug|x64.ActiveCfg = Debug|x64
		{D6FA12CC-F8E7-4F41-881A-E1F14D52942A}.Debug|x64.Build.0 = Debug|x64
		{D6FA12CC-F8E7-4F41-881A-E1F14D52942A}.Debug|x86.ActiveCfg = Debug|Win32
		{D6FA12CC-F8E7-4F41-881A-E1F14D52942A}.Debug|x86.Build.0 = Debug|Win32
		{D6FA12CC-F8E7-4F41-881A-E1F14D52942A}.Release|x64.ActiveCfg = Release|x64
		{D6FA12CC-F8E7-4F41-881A-E1F14D52942A}.Release|x64.Build.0 = Release|x64
		{D6FA12CC-F8E7-4F41-881A-E1F14D52942A}.Release|x86.ActiveCfg = Release|Win32
		{D6FA12CC-F8E7-4F41-881A-E1F14D52942A}.Release|x86.Build.0 = Release|Win32
	EndGlobalSection
	GlobalSection(SolutionProperties) = preSolution
		HideSolutionNode = FALSE
	EndGlobalSection
	GlobalSection(ExtensibilityGlobals) = postSolution
		SolutionGuid = {BCD5C828-A99A-4919-ABE3-A09FD606D1C8}
	EndGlobalSection
EndGlobal
